
Microsoft Visual Studio Solution File, Format Version 12.00
# Visual Studio Version 16
VisualStudioVersion = 16.0.30114.105
MinimumVisualStudioVersion = 10.0.40219.1
Project("{9092AA53-FB77-4645-B42D-1CCCA6BD08BD}") = "messages", "messages\messages.njsproj", "{2CCC4D8B-163A-40C6-A74B-04A7E1233377}"
EndProject
Global
	GlobalSection(SolutionConfigurationPlatforms) = preSolution
		Debug|Any CPU = Debug|Any CPU
		Release|Any CPU = Release|Any CPU
	EndGlobalSection
	GlobalSection(ProjectConfigurationPlatforms) = postSolution
		{2CCC4D8B-163A-40C6-A74B-04A7E1233377}.Debug|Any CPU.ActiveCfg = Debug|Any CPU
		{2CCC4D8B-163A-40C6-A74B-04A7E1233377}.Debug|Any CPU.Build.0 = Debug|Any CPU
		{2CCC4D8B-163A-40C6-A74B-04A7E1233377}.Release|Any CPU.ActiveCfg = Release|Any CPU
		{2CCC4D8B-163A-40C6-A74B-04A7E1233377}.Release|Any CPU.Build.0 = Release|Any CPU
	EndGlobalSection
	GlobalSection(SolutionProperties) = preSolution
		HideSolutionNode = FALSE
	EndGlobalSection
	GlobalSection(ExtensibilityGlobals) = postSolution
		SolutionGuid = {DC5FB37B-0827-441C-9978-A4C419C4C2CC}
	EndGlobalSection
EndGlobal
